{
  "version": 4,
  "terraform_version": "1.1.6",
  "serial": 13,
  "lineage": "bc8cc2e4-689b-7792-3ac0-394e418b993a",
  "outputs": {
    "tls_private_key": {
      "value": "-----BEGIN RSA PRIVATE KEY-----\nMIIJKQIBAAKCAgEA7jYgtM43RlywDDA24m2GcXy0JRRnYjJg2BtEtXtqzx7rymGk\nxeV/NkVbJmICesjHBmwHWBGUMij6bO4MTSujERMTt/Q1ubRmAkeSWj11+L3DHNYD\newMhIWj+hTQJuoqsvcsiN07CaTnoqHx3VVk607YpnRFdf7o+TG4AcPLPo801nPcb\nGSI6m2PFkpfKdQmafyJ8f9/D55iUBj5SnM53jBpShQDfBjgYKPXWxKFp9452Szvl\nmNUQ0cvHzUsnO5oDBkOghuBnBdhgW0QaKkzkCo4EBjXpbgWppdFmhC14mBl/b2Dn\n0HTPAKy5CRsCX10KDwkVnsMpxqM26Nb/3H07ilmS4iwqy14ouETaPdZeK/uQy97R\nXxgaVrMw3EjED9VD+Ms9u+eLfJmDYpAc/PkCNQHvJ+QfZqgVl8HYbrL25YwZ8IGs\n4olBFPiMev3O5Xs2oVKFonN5f0lLPZUoaqn4au4QfB1Swv4RrYpXZJjZL8qwM4p4\nJKkeDk7QgDwgJ9vZpXEVZd2pHujvgBXRxNuAwZx0OTBDcHLie1mem4LuOVl2LXvI\nzMvg+PwsfHSGZG6lTTgydn8nH5z6/9/v1toE1RrsdAY0I2SFWCa6cpQr8GnlxAzM\nYQbmP5ikB8YO9ldrADi+mqeQud52MdR3+zPgw7E7hqNFboAd/BqHWJWpLOkCAwEA\nAQKCAgEAo0fi30xCwy4hVhluZYJhl0S9TnVP8BVMIJWAYU15hwNQ6GZJxYRr0E12\nDzc7L+KT2akO16UlCcTg8u2w7OyuV7PV3k+8y9AF5CYfAVADnz6jkQ55UEZy3S3U\n2IU07fLEOUwV5gdMZ0hUW7kFKzGAi0HgAFO43SZSMZ1tG/6zqTmuOCuBHZdCyOR4\ntuTo15R/nAmNgTFmXUdOn4D0q5sygoxAZ/6S4PZuSRVJ43oo4pF6MFOcK0hQwR2H\nlQagm9ATpqWQUSNcOrt4QNbLgJc38Kwrwf4ORWYIRSrltFBeyxMfML8h5tdKVNIP\n+1fSJn/ltyyo7ywjZI7Xwn4s33vP5NCGtXk0QGrIvWHZGUqO+J5d+hCw/ot224oj\nIgKgAD2f2P9Q/7582fJWW+pZqx5/EylR4KpuZLgfPyzdBWalXkK7BN7+Z/yarz9L\nJY/+7kKsWPbnPMD3G8fkDEbV34hskfLoCli8fI+wyzDV/+6cpe/Gf2Omt6AYYgVi\nGV8sTYFLgS2o2InAgySpWSFHA7pddLYetPQsNUwePi8XQbfBiOqzijzt/WOWWpQf\nfm3MOBuntXUIdWNlsYlDAe8bXdvWzibfqjy5/cuq00yfeu+lkrFP7RK9Eg9stlkU\ncT73E2EShjr90Ji5zN5b7gx47B28JM+Eh3cNbaaMb5iuk14KgGkCggEBAP+rlTGr\nFa6UIkp2HbU8jsC57YROD3znecKYO9xkV/6Yc4Ulj7dR1X6aIcErzuv8LBEjS/+V\npQRrgYKIgu7qOWrLCPKfz0SCE57CDFULF1mswRUw//Ce5XPQGW1AOKBK8bCpT7Sx\nM75IGk+5oSAqT6dMkE3ZRf12riMKnDWdsMWXzzjS+cJvQqpXaAH3MWmGubAuwqzF\nH1d5o4H2ijzoqUmULwctElycbkP0SAITaEm9QmYMSHaKDaiS8YryXEf5blQVmQ9+\njwQ6uHvZZeCN56ph0ebONh8nAGaspm0oP/7Snh/WVr0r8ab/RntjD9PLoVAy9Hya\nJoo1Z/8EVTe7MTMCggEBAO6Ex8mVDE0cS5sX9fANUeJvyWyD1vAdHF9x3OCSWjiq\nXawRdBNXKJMHK5UFr+QAs+yVr8J81iEPbScjDCAUiBFYKV46aLizZ0dtVROgFXhu\nDn66fxv4Gtkp1IzsKOJGmOqlRYBspRMORkCMLybeSUFZ0VbG/kVw0KSnkajborgP\n7J7k5JvrxU5U0Ms3bQoAazh9bhvQmUBolzX2gC1ZryFgGjHFmdn7+/Z483wzpj3e\nOP/dePkm/22jkSzOcnLVlRYzi44LYJOIAVvg274oOjJr/G/ErIPjjJ6r52iPQc4y\nD2Nd+zr+qZobCp7aFP7QhJ3GUqV5EioTFEFFVFTboXMCggEBAKipprinZpxOuPhq\nR1riYkId5eScIneBtL988jCIOcyJAdxaVR7Ya4EjaRUoM09WgjOkF2S6cawix8M3\nDzlRZyNeYb69UlydexgGZ2BK+tJ7trymIJG6ISBvrfZ2oWSNTDgA2cYYCEyFAGaL\nzRGNGBMD3UaeCSAWhPY076wnJRCU/207MOzlvRLmqoRxcDVvXVwu3NphCDYK1qTL\n4ZIg4lzZ1tRjFXPm9o75ve8womHS6tSrUbpxhGUq2xGQpPQORoxN2zVvhiWCH2YE\nmsKympu6AGDEtMuETS1uxDPKk70lcI8MNRiCvt4uFW8cgLp14SspEkSI5NfUN5Dy\naM1lPiUCggEAFvUo1bpG6NUkYdU4ktZ1XzorRQqbkZj7tiQbgnITxQiA46L6bTIi\ncaRrCXj2qRd4OfleZXXmlmAJvY6eCChxwFmgAbXVhpGeCz32xmDOMD1Hn+MLgQGs\nc+KW1smUVdM9vLgTrHzIlsD0+hmEIFWc73FZuOSGbOCi9HY8iug5DUZbHCAj8O4M\nm7GGN0kqcaAAsftAseSuG4j1pPgI9lR/itLZMpk2acjbQ6n4pafDBIlzKw2CK1kZ\nlM/9lTZ5xZvRMcXcVNu7e/fHSbSm8fKlR10lewyPHlK0okEhkOrZBqPC32mYWOFS\nKccYipmrE6u2WAlSwyKYIPydInst1s0dCQKCAQA7ZhtsXiPgSijO+4pWuNBlYJbJ\nUw3wsSue51qAs5OQfCNW325RoKPXfhqBFRCPYIYxQvisxuerNR/lOS9MOTpMYQ3L\nQlI/qCWPkAUhHFXdwLqU7UN0imqTKfrf2prCj0ah7j5+b/gfqqMH43eVTdsALEeb\nauogx7C4KSJG8heMf/N0cfbJ4aWRULxf7GFl50kKz38tnCW+StNZFxWuMG0vTRzx\nXB7yCACGzjQ5zmxcvsPOH5ObahYnvxZffT1WGX98DuKSGxXxGO0PjC5JiKccjRVh\ndhxymogmdlli6lAiTM+WBJYfrz7qpy35TQU8Eor7Qe/yICTIYL0q8YKPa8Vl\n-----END RSA PRIVATE KEY-----\n",
      "type": "string",
      "sensitive": true
    },
    "vm_id": {
      "value": "/subscriptions/4890b310-1c4c-43f6-bae3-e5b4f93067b1/resourceGroups/my_terraform_rg/providers/Microsoft.Compute/virtualMachines/linuxvm019",
      "type": "string"
    },
    "vm_ip": {
      "value": "20.126.13.81",
      "type": "string"
    }
  },
  "resources": [
    {
      "mode": "managed",
      "type": "azurerm_linux_virtual_machine",
      "name": "linuxvm",
      "provider": "provider[\"registry.terraform.io/hashicorp/azurerm\"]",
      "instances": [
        {
          "schema_version": 0,
          "attributes": {
            "additional_capabilities": [],
            "admin_password": null,
            "admin_ssh_key": [
              {
                "public_key": "ssh-rsa AAAAB3NzaC1yc2EAAAADAQABAAACAQDuNiC0zjdGXLAMMDbibYZxfLQlFGdiMmDYG0S1e2rPHuvKYaTF5X82RVsmYgJ6yMcGbAdYEZQyKPps7gxNK6MRExO39DW5tGYCR5JaPXX4vcMc1gN7AyEhaP6FNAm6iqy9yyI3TsJpOeiofHdVWTrTtimdEV1/uj5MbgBw8s+jzTWc9xsZIjqbY8WSl8p1CZp/Inx/38PnmJQGPlKczneMGlKFAN8GOBgo9dbEoWn3jnZLO+WY1RDRy8fNSyc7mgMGQ6CG4GcF2GBbRBoqTOQKjgQGNeluBaml0WaELXiYGX9vYOfQdM8ArLkJGwJfXQoPCRWewynGozbo1v/cfTuKWZLiLCrLXii4RNo91l4r+5DL3tFfGBpWszDcSMQP1UP4yz2754t8mYNikBz8+QI1Ae8n5B9mqBWXwdhusvbljBnwgaziiUEU+Ix6/c7lezahUoWic3l/SUs9lShqqfhq7hB8HVLC/hGtildkmNkvyrAzingkqR4OTtCAPCAn29mlcRVl3ake6O+AFdHE24DBnHQ5MENwcuJ7WZ6bgu45WXYte8jMy+D4/Cx8dIZkbqVNODJ2fycfnPr/3+/W2gTVGux0BjQjZIVYJrpylCvwaeXEDMxhBuY/mKQHxg72V2sAOL6ap5C53nYx1Hf7M+DDsTuGo0VugB38GodYlaks6Q==\n",
                "username": "azureuser"
              }
            ],
            "admin_username": "azureuser",
            "allow_extension_operations": true,
            "availability_set_id": "",
            "boot_diagnostics": [
              {
                "storage_account_uri": "https://diag37495a98ce50ee37.blob.core.windows.net/"
              }
            ],
            "computer_name": "myvm",
            "custom_data": null,
            "dedicated_host_id": "",
            "disable_password_authentication": true,
            "encryption_at_host_enabled": false,
            "eviction_policy": "",
            "extensions_time_budget": "PT1H30M",
            "id": "/subscriptions/4890b310-1c4c-43f6-bae3-e5b4f93067b1/resourceGroups/my_terraform_rg/providers/Microsoft.Compute/virtualMachines/linuxvm019",
            "identity": [],
            "license_type": "",
            "location": "westeurope",
            "max_bid_price": -1,
            "name": "linuxvm019",
            "network_interface_ids": [
              "/subscriptions/4890b310-1c4c-43f6-bae3-e5b4f93067b1/resourceGroups/my_terraform_rg/providers/Microsoft.Network/networkInterfaces/nicprod019"
            ],
            "os_disk": [
              {
                "caching": "ReadWrite",
                "diff_disk_settings": [],
                "disk_encryption_set_id": "",
                "disk_size_gb": 30,
                "name": "myOsDisk",
                "storage_account_type": "Premium_LRS",
                "write_accelerator_enabled": false
              }
            ],
            "plan": [],
            "platform_fault_domain": -1,
            "priority": "Regular",
            "private_ip_address": "10.0.1.4",
            "private_ip_addresses": [
              "10.0.1.4"
            ],
            "provision_vm_agent": true,
            "proximity_placement_group_id": "",
            "public_ip_address": "20.126.13.81",
            "public_ip_addresses": [
              "20.126.13.81"
            ],
            "resource_group_name": "my_terraform_rg",
            "secret": [],
            "size": "Standard_DS1_v2",
            "source_image_id": "",
            "source_image_reference": [
              {
                "offer": "UbuntuServer",
                "publisher": "Canonical",
                "sku": "18.04-LTS",
                "version": "latest"
              }
            ],
            "tags": {
              "environment": "production"
            },
            "timeouts": null,
            "virtual_machine_id": "6a326e1d-38d0-45d3-8b60-1980cacaf309",
            "virtual_machine_scale_set_id": "",
            "zone": ""
          },
          "sensitive_attributes": [],
          "private": "eyJlMmJmYjczMC1lY2FhLTExZTYtOGY4OC0zNDM2M2JjN2M0YzAiOnsiY3JlYXRlIjoyNzAwMDAwMDAwMDAwLCJkZWxldGUiOjI3MDAwMDAwMDAwMDAsInJlYWQiOjMwMDAwMDAwMDAwMCwidXBkYXRlIjoyNzAwMDAwMDAwMDAwfX0=",
          "dependencies": [
            "azurerm_network_interface.nic",
            "azurerm_public_ip.public_ip",
            "azurerm_resource_group.rg",
            "azurerm_storage_account.storage",
            "azurerm_subnet.subnet",
            "azurerm_virtual_network.vnet",
            "random_id.randomId",
            "tls_private_key.example_ssh"
          ]
        }
      ]
    },
    {
      "mode": "managed",
      "type": "azurerm_network_interface",
      "name": "nic",
      "provider": "provider[\"registry.terraform.io/hashicorp/azurerm\"]",
      "instances": [
        {
          "schema_version": 0,
          "attributes": {
            "applied_dns_servers": [],
            "dns_servers": [],
            "enable_accelerated_networking": false,
            "enable_ip_forwarding": false,
            "id": "/subscriptions/4890b310-1c4c-43f6-bae3-e5b4f93067b1/resourceGroups/my_terraform_rg/providers/Microsoft.Network/networkInterfaces/nicprod019",
            "internal_dns_name_label": "",
            "internal_domain_name_suffix": "vpzs4ekzigsudisxq3wmqvlrhg.ax.internal.cloudapp.net",
            "ip_configuration": [
              {
                "name": "myNicConfiguration",
                "primary": true,
                "private_ip_address": "10.0.1.4",
                "private_ip_address_allocation": "Dynamic",
                "private_ip_address_version": "IPv4",
                "public_ip_address_id": "/subscriptions/4890b310-1c4c-43f6-bae3-e5b4f93067b1/resourceGroups/my_terraform_rg/providers/Microsoft.Network/publicIPAddresses/publicip019",
                "subnet_id": "/subscriptions/4890b310-1c4c-43f6-bae3-e5b4f93067b1/resourceGroups/my_terraform_rg/providers/Microsoft.Network/virtualNetworks/vnetprod019/subnets/subnet019"
              }
            ],
            "location": "westeurope",
            "mac_address": "",
            "name": "nicprod019",
            "private_ip_address": "10.0.1.4",
            "private_ip_addresses": [
              "10.0.1.4"
            ],
            "resource_group_name": "my_terraform_rg",
            "tags": {
              "environment": "production"
            },
            "timeouts": null,
            "virtual_machine_id": ""
          },
          "sensitive_attributes": [],
          "private": "eyJlMmJmYjczMC1lY2FhLTExZTYtOGY4OC0zNDM2M2JjN2M0YzAiOnsiY3JlYXRlIjoxODAwMDAwMDAwMDAwLCJkZWxldGUiOjE4MDAwMDAwMDAwMDAsInJlYWQiOjMwMDAwMDAwMDAwMCwidXBkYXRlIjoxODAwMDAwMDAwMDAwfX0=",
          "dependencies": [
            "azurerm_public_ip.public_ip",
            "azurerm_resource_group.rg",
            "azurerm_subnet.subnet",
            "azurerm_virtual_network.vnet"
          ]
        }
      ]
    },
    {
      "mode": "managed",
      "type": "azurerm_network_interface_security_group_association",
      "name": "association",
      "provider": "provider[\"registry.terraform.io/hashicorp/azurerm\"]",
      "instances": [
        {
          "schema_version": 0,
          "attributes": {
            "id": "/subscriptions/4890b310-1c4c-43f6-bae3-e5b4f93067b1/resourceGroups/my_terraform_rg/providers/Microsoft.Network/networkInterfaces/nicprod019|/subscriptions/4890b310-1c4c-43f6-bae3-e5b4f93067b1/resourceGroups/my_terraform_rg/providers/Microsoft.Network/networkSecurityGroups/nsgprod019",
            "network_interface_id": "/subscriptions/4890b310-1c4c-43f6-bae3-e5b4f93067b1/resourceGroups/my_terraform_rg/providers/Microsoft.Network/networkInterfaces/nicprod019",
            "network_security_group_id": "/subscriptions/4890b310-1c4c-43f6-bae3-e5b4f93067b1/resourceGroups/my_terraform_rg/providers/Microsoft.Network/networkSecurityGroups/nsgprod019",
            "timeouts": null
          },
          "sensitive_attributes": [],
          "private": "eyJlMmJmYjczMC1lY2FhLTExZTYtOGY4OC0zNDM2M2JjN2M0YzAiOnsiY3JlYXRlIjoxODAwMDAwMDAwMDAwLCJkZWxldGUiOjE4MDAwMDAwMDAwMDAsInJlYWQiOjMwMDAwMDAwMDAwMCwidXBkYXRlIjoxODAwMDAwMDAwMDAwfX0=",
          "dependencies": [
            "azurerm_network_interface.nic",
            "azurerm_network_security_group.nsg",
            "azurerm_public_ip.public_ip",
            "azurerm_resource_group.rg",
            "azurerm_subnet.subnet",
            "azurerm_virtual_network.vnet"
          ]
        }
      ]
    },
    {
      "mode": "managed",
      "type": "azurerm_network_security_group",
      "name": "nsg",
      "provider": "provider[\"registry.terraform.io/hashicorp/azurerm\"]",
      "instances": [
        {
          "schema_version": 0,
          "attributes": {
            "id": "/subscriptions/4890b310-1c4c-43f6-bae3-e5b4f93067b1/resourceGroups/my_terraform_rg/providers/Microsoft.Network/networkSecurityGroups/nsgprod019",
            "location": "westeurope",
            "name": "nsgprod019",
            "resource_group_name": "my_terraform_rg",
            "security_rule": [
              {
                "access": "Allow",
                "description": "",
                "destination_address_prefix": "*",
                "destination_address_prefixes": [],
                "destination_application_security_group_ids": [],
                "destination_port_range": "22",
                "destination_port_ranges": [],
                "direction": "Inbound",
                "name": "SSH",
                "priority": 1001,
                "protocol": "Tcp",
                "source_address_prefix": "*",
                "source_address_prefixes": [],
                "source_application_security_group_ids": [],
                "source_port_range": "*",
                "source_port_ranges": []
              }
            ],
            "tags": {
              "environment": "production"
            },
            "timeouts": null
          },
          "sensitive_attributes": [],
          "private": "eyJlMmJmYjczMC1lY2FhLTExZTYtOGY4OC0zNDM2M2JjN2M0YzAiOnsiY3JlYXRlIjoxODAwMDAwMDAwMDAwLCJkZWxldGUiOjE4MDAwMDAwMDAwMDAsInJlYWQiOjMwMDAwMDAwMDAwMCwidXBkYXRlIjoxODAwMDAwMDAwMDAwfX0=",
          "dependencies": [
            "azurerm_resource_group.rg"
          ]
        }
      ]
    },
    {
      "mode": "managed",
      "type": "azurerm_public_ip",
      "name": "public_ip",
      "provider": "provider[\"registry.terraform.io/hashicorp/azurerm\"]",
      "instances": [
        {
          "schema_version": 0,
          "attributes": {
            "allocation_method": "Dynamic",
            "availability_zone": "No-Zone",
            "domain_name_label": null,
            "fqdn": null,
            "id": "/subscriptions/4890b310-1c4c-43f6-bae3-e5b4f93067b1/resourceGroups/my_terraform_rg/providers/Microsoft.Network/publicIPAddresses/publicip019",
            "idle_timeout_in_minutes": 4,
            "ip_address": "",
            "ip_tags": null,
            "ip_version": "IPv4",
            "location": "westeurope",
            "name": "publicip019",
            "public_ip_prefix_id": null,
            "resource_group_name": "my_terraform_rg",
            "reverse_fqdn": null,
            "sku": "Basic",
            "sku_tier": "Regional",
            "tags": {
              "environment": "production"
            },
            "timeouts": null,
            "zones": []
          },
          "sensitive_attributes": [],
          "private": "eyJlMmJmYjczMC1lY2FhLTExZTYtOGY4OC0zNDM2M2JjN2M0YzAiOnsiY3JlYXRlIjoxODAwMDAwMDAwMDAwLCJkZWxldGUiOjE4MDAwMDAwMDAwMDAsInJlYWQiOjMwMDAwMDAwMDAwMCwidXBkYXRlIjoxODAwMDAwMDAwMDAwfX0=",
          "dependencies": [
            "azurerm_resource_group.rg"
          ]
        }
      ]
    },
    {
      "mode": "managed",
      "type": "azurerm_resource_group",
      "name": "rg",
      "provider": "provider[\"registry.terraform.io/hashicorp/azurerm\"]",
      "instances": [
        {
          "schema_version": 0,
          "attributes": {
            "id": "/subscriptions/4890b310-1c4c-43f6-bae3-e5b4f93067b1/resourceGroups/my_terraform_rg",
            "location": "westeurope",
            "name": "my_terraform_rg",
            "tags": {
              "environment": "production"
            },
            "timeouts": null
          },
          "sensitive_attributes": [],
          "private": "eyJlMmJmYjczMC1lY2FhLTExZTYtOGY4OC0zNDM2M2JjN2M0YzAiOnsiY3JlYXRlIjo1NDAwMDAwMDAwMDAwLCJkZWxldGUiOjU0MDAwMDAwMDAwMDAsInJlYWQiOjMwMDAwMDAwMDAwMCwidXBkYXRlIjo1NDAwMDAwMDAwMDAwfX0="
        }
      ]
    },
    {
      "mode": "managed",
      "type": "azurerm_storage_account",
      "name": "storage",
      "provider": "provider[\"registry.terraform.io/hashicorp/azurerm\"]",
      "instances": [
        {
          "schema_version": 2,
          "attributes": {
            "access_tier": "Hot",
            "account_kind": "StorageV2",
            "account_replication_type": "LRS",
            "account_tier": "Standard",
            "allow_blob_public_access": false,
            "azure_files_authentication": [],
            "blob_properties": [
              {
                "change_feed_enabled": false,
                "container_delete_retention_policy": [],
                "cors_rule": [],
                "default_service_version": "",
                "delete_retention_policy": [],
                "last_access_time_enabled": false,
                "versioning_enabled": false
              }
            ],
            "custom_domain": [],
            "enable_https_traffic_only": true,
            "id": "/subscriptions/4890b310-1c4c-43f6-bae3-e5b4f93067b1/resourceGroups/my_terraform_rg/providers/Microsoft.Storage/storageAccounts/diag37495a98ce50ee37",
            "identity": [],
            "is_hns_enabled": false,
            "large_file_share_enabled": null,
            "location": "westeurope",
            "min_tls_version": "TLS1_0",
            "name": "diag37495a98ce50ee37",
            "network_rules": [
              {
                "bypass": [
                  "AzureServices"
                ],
                "default_action": "Allow",
                "ip_rules": [],
                "private_link_access": [],
                "virtual_network_subnet_ids": []
              }
            ],
            "nfsv3_enabled": false,
            "primary_access_key": "AyqGSRie84nW/9NyUpjptLCB9dHnc0kyF3Ii7gtDERByCjwoqFBQ+62DHtgS64u8RrsuCrnXDu6vQ4FMKh06Xg==",
            "primary_blob_connection_string": "DefaultEndpointsProtocol=https;BlobEndpoint=https://diag37495a98ce50ee37.blob.core.windows.net/;AccountName=diag37495a98ce50ee37;AccountKey=AyqGSRie84nW/9NyUpjptLCB9dHnc0kyF3Ii7gtDERByCjwoqFBQ+62DHtgS64u8RrsuCrnXDu6vQ4FMKh06Xg==",
            "primary_blob_endpoint": "https://diag37495a98ce50ee37.blob.core.windows.net/",
            "primary_blob_host": "diag37495a98ce50ee37.blob.core.windows.net",
            "primary_connection_string": "DefaultEndpointsProtocol=https;AccountName=diag37495a98ce50ee37;AccountKey=AyqGSRie84nW/9NyUpjptLCB9dHnc0kyF3Ii7gtDERByCjwoqFBQ+62DHtgS64u8RrsuCrnXDu6vQ4FMKh06Xg==;EndpointSuffix=core.windows.net",
            "primary_dfs_endpoint": "https://diag37495a98ce50ee37.dfs.core.windows.net/",
            "primary_dfs_host": "diag37495a98ce50ee37.dfs.core.windows.net",
            "primary_file_endpoint": "https://diag37495a98ce50ee37.file.core.windows.net/",
            "primary_file_host": "diag37495a98ce50ee37.file.core.windows.net",
            "primary_location": "westeurope",
            "primary_queue_endpoint": "https://diag37495a98ce50ee37.queue.core.windows.net/",
            "primary_queue_host": "diag37495a98ce50ee37.queue.core.windows.net",
            "primary_table_endpoint": "https://diag37495a98ce50ee37.table.core.windows.net/",
            "primary_table_host": "diag37495a98ce50ee37.table.core.windows.net",
            "primary_web_endpoint": "https://diag37495a98ce50ee37.z6.web.core.windows.net/",
            "primary_web_host": "diag37495a98ce50ee37.z6.web.core.windows.net",
            "queue_properties": [
              {
                "cors_rule": [],
                "hour_metrics": [
                  {
                    "enabled": true,
                    "include_apis": true,
                    "retention_policy_days": 7,
                    "version": "1.0"
                  }
                ],
                "logging": [
                  {
                    "delete": false,
                    "read": false,
                    "retention_policy_days": 0,
                    "version": "1.0",
                    "write": false
                  }
                ],
                "minute_metrics": [
                  {
                    "enabled": false,
                    "include_apis": false,
                    "retention_policy_days": 0,
                    "version": "1.0"
                  }
                ]
              }
            ],
            "resource_group_name": "my_terraform_rg",
            "routing": [],
            "secondary_access_key": "+pWpwgB50YUKPpgbPK9TRNQ977dBBzxnwTlJawK78Qri6OrTOTwBgFK99RUOM54jmKXO7GOBh77a009gScrSeQ==",
            "secondary_blob_connection_string": "",
            "secondary_blob_endpoint": null,
            "secondary_blob_host": null,
            "secondary_connection_string": "DefaultEndpointsProtocol=https;AccountName=diag37495a98ce50ee37;AccountKey=+pWpwgB50YUKPpgbPK9TRNQ977dBBzxnwTlJawK78Qri6OrTOTwBgFK99RUOM54jmKXO7GOBh77a009gScrSeQ==;EndpointSuffix=core.windows.net",
            "secondary_dfs_endpoint": null,
            "secondary_dfs_host": null,
            "secondary_file_endpoint": null,
            "secondary_file_host": null,
            "secondary_location": "",
            "secondary_queue_endpoint": null,
            "secondary_queue_host": null,
            "secondary_table_endpoint": null,
            "secondary_table_host": null,
            "secondary_web_endpoint": null,
            "secondary_web_host": null,
            "share_properties": [
              {
                "cors_rule": [],
                "retention_policy": [
                  {
                    "days": 7
                  }
                ],
                "smb": []
              }
            ],
            "shared_access_key_enabled": true,
            "static_website": [],
            "tags": {
              "environment": "production"
            },
            "timeouts": null
          },
          "sensitive_attributes": [],
          "private": "eyJlMmJmYjczMC1lY2FhLTExZTYtOGY4OC0zNDM2M2JjN2M0YzAiOnsiY3JlYXRlIjozNjAwMDAwMDAwMDAwLCJkZWxldGUiOjM2MDAwMDAwMDAwMDAsInJlYWQiOjMwMDAwMDAwMDAwMCwidXBkYXRlIjozNjAwMDAwMDAwMDAwfSwic2NoZW1hX3ZlcnNpb24iOiIyIn0=",
          "dependencies": [
            "azurerm_resource_group.rg",
            "random_id.randomId"
          ]
        }
      ]
    },
    {
      "mode": "managed",
      "type": "azurerm_subnet",
      "name": "subnet",
      "provider": "provider[\"registry.terraform.io/hashicorp/azurerm\"]",
      "instances": [
        {
          "schema_version": 0,
          "attributes": {
            "address_prefix": "10.0.1.0/24",
            "address_prefixes": [
              "10.0.1.0/24"
            ],
            "delegation": [],
            "enforce_private_link_endpoint_network_policies": false,
            "enforce_private_link_service_network_policies": false,
            "id": "/subscriptions/4890b310-1c4c-43f6-bae3-e5b4f93067b1/resourceGroups/my_terraform_rg/providers/Microsoft.Network/virtualNetworks/vnetprod019/subnets/subnet019",
            "name": "subnet019",
            "resource_group_name": "my_terraform_rg",
            "service_endpoint_policy_ids": null,
            "service_endpoints": null,
            "timeouts": null,
            "virtual_network_name": "vnetprod019"
          },
          "sensitive_attributes": [],
          "private": "eyJlMmJmYjczMC1lY2FhLTExZTYtOGY4OC0zNDM2M2JjN2M0YzAiOnsiY3JlYXRlIjoxODAwMDAwMDAwMDAwLCJkZWxldGUiOjE4MDAwMDAwMDAwMDAsInJlYWQiOjMwMDAwMDAwMDAwMCwidXBkYXRlIjoxODAwMDAwMDAwMDAwfX0=",
          "dependencies": [
            "azurerm_resource_group.rg",
            "azurerm_virtual_network.vnet"
          ]
        }
      ]
    },
    {
      "mode": "managed",
      "type": "azurerm_virtual_network",
      "name": "vnet",
      "provider": "provider[\"registry.terraform.io/hashicorp/azurerm\"]",
      "instances": [
        {
          "schema_version": 0,
          "attributes": {
            "address_space": [
              "10.0.0.0/16"
            ],
            "bgp_community": "",
            "ddos_protection_plan": [],
            "dns_servers": [],
            "guid": "112ff3ab-4159-41a5-a257-876cc855713e",
            "id": "/subscriptions/4890b310-1c4c-43f6-bae3-e5b4f93067b1/resourceGroups/my_terraform_rg/providers/Microsoft.Network/virtualNetworks/vnetprod019",
            "location": "westeurope",
            "name": "vnetprod019",
            "resource_group_name": "my_terraform_rg",
            "subnet": [],
            "tags": {
              "environment": "production"
            },
            "timeouts": null,
            "vm_protection_enabled": false
          },
          "sensitive_attributes": [],
          "private": "eyJlMmJmYjczMC1lY2FhLTExZTYtOGY4OC0zNDM2M2JjN2M0YzAiOnsiY3JlYXRlIjoxODAwMDAwMDAwMDAwLCJkZWxldGUiOjE4MDAwMDAwMDAwMDAsInJlYWQiOjMwMDAwMDAwMDAwMCwidXBkYXRlIjoxODAwMDAwMDAwMDAwfX0=",
          "dependencies": [
            "azurerm_resource_group.rg"
          ]
        }
      ]
    },
    {
      "mode": "managed",
      "type": "local_file",
      "name": "private_key",
      "provider": "provider[\"registry.terraform.io/hashicorp/local\"]",
      "instances": [
        {
          "schema_version": 0,
          "attributes": {
            "content": "-----BEGIN RSA PRIVATE KEY-----\nMIIJKQIBAAKCAgEA7jYgtM43RlywDDA24m2GcXy0JRRnYjJg2BtEtXtqzx7rymGk\nxeV/NkVbJmICesjHBmwHWBGUMij6bO4MTSujERMTt/Q1ubRmAkeSWj11+L3DHNYD\newMhIWj+hTQJuoqsvcsiN07CaTnoqHx3VVk607YpnRFdf7o+TG4AcPLPo801nPcb\nGSI6m2PFkpfKdQmafyJ8f9/D55iUBj5SnM53jBpShQDfBjgYKPXWxKFp9452Szvl\nmNUQ0cvHzUsnO5oDBkOghuBnBdhgW0QaKkzkCo4EBjXpbgWppdFmhC14mBl/b2Dn\n0HTPAKy5CRsCX10KDwkVnsMpxqM26Nb/3H07ilmS4iwqy14ouETaPdZeK/uQy97R\nXxgaVrMw3EjED9VD+Ms9u+eLfJmDYpAc/PkCNQHvJ+QfZqgVl8HYbrL25YwZ8IGs\n4olBFPiMev3O5Xs2oVKFonN5f0lLPZUoaqn4au4QfB1Swv4RrYpXZJjZL8qwM4p4\nJKkeDk7QgDwgJ9vZpXEVZd2pHujvgBXRxNuAwZx0OTBDcHLie1mem4LuOVl2LXvI\nzMvg+PwsfHSGZG6lTTgydn8nH5z6/9/v1toE1RrsdAY0I2SFWCa6cpQr8GnlxAzM\nYQbmP5ikB8YO9ldrADi+mqeQud52MdR3+zPgw7E7hqNFboAd/BqHWJWpLOkCAwEA\nAQKCAgEAo0fi30xCwy4hVhluZYJhl0S9TnVP8BVMIJWAYU15hwNQ6GZJxYRr0E12\nDzc7L+KT2akO16UlCcTg8u2w7OyuV7PV3k+8y9AF5CYfAVADnz6jkQ55UEZy3S3U\n2IU07fLEOUwV5gdMZ0hUW7kFKzGAi0HgAFO43SZSMZ1tG/6zqTmuOCuBHZdCyOR4\ntuTo15R/nAmNgTFmXUdOn4D0q5sygoxAZ/6S4PZuSRVJ43oo4pF6MFOcK0hQwR2H\nlQagm9ATpqWQUSNcOrt4QNbLgJc38Kwrwf4ORWYIRSrltFBeyxMfML8h5tdKVNIP\n+1fSJn/ltyyo7ywjZI7Xwn4s33vP5NCGtXk0QGrIvWHZGUqO+J5d+hCw/ot224oj\nIgKgAD2f2P9Q/7582fJWW+pZqx5/EylR4KpuZLgfPyzdBWalXkK7BN7+Z/yarz9L\nJY/+7kKsWPbnPMD3G8fkDEbV34hskfLoCli8fI+wyzDV/+6cpe/Gf2Omt6AYYgVi\nGV8sTYFLgS2o2InAgySpWSFHA7pddLYetPQsNUwePi8XQbfBiOqzijzt/WOWWpQf\nfm3MOBuntXUIdWNlsYlDAe8bXdvWzibfqjy5/cuq00yfeu+lkrFP7RK9Eg9stlkU\ncT73E2EShjr90Ji5zN5b7gx47B28JM+Eh3cNbaaMb5iuk14KgGkCggEBAP+rlTGr\nFa6UIkp2HbU8jsC57YROD3znecKYO9xkV/6Yc4Ulj7dR1X6aIcErzuv8LBEjS/+V\npQRrgYKIgu7qOWrLCPKfz0SCE57CDFULF1mswRUw//Ce5XPQGW1AOKBK8bCpT7Sx\nM75IGk+5oSAqT6dMkE3ZRf12riMKnDWdsMWXzzjS+cJvQqpXaAH3MWmGubAuwqzF\nH1d5o4H2ijzoqUmULwctElycbkP0SAITaEm9QmYMSHaKDaiS8YryXEf5blQVmQ9+\njwQ6uHvZZeCN56ph0ebONh8nAGaspm0oP/7Snh/WVr0r8ab/RntjD9PLoVAy9Hya\nJoo1Z/8EVTe7MTMCggEBAO6Ex8mVDE0cS5sX9fANUeJvyWyD1vAdHF9x3OCSWjiq\nXawRdBNXKJMHK5UFr+QAs+yVr8J81iEPbScjDCAUiBFYKV46aLizZ0dtVROgFXhu\nDn66fxv4Gtkp1IzsKOJGmOqlRYBspRMORkCMLybeSUFZ0VbG/kVw0KSnkajborgP\n7J7k5JvrxU5U0Ms3bQoAazh9bhvQmUBolzX2gC1ZryFgGjHFmdn7+/Z483wzpj3e\nOP/dePkm/22jkSzOcnLVlRYzi44LYJOIAVvg274oOjJr/G/ErIPjjJ6r52iPQc4y\nD2Nd+zr+qZobCp7aFP7QhJ3GUqV5EioTFEFFVFTboXMCggEBAKipprinZpxOuPhq\nR1riYkId5eScIneBtL988jCIOcyJAdxaVR7Ya4EjaRUoM09WgjOkF2S6cawix8M3\nDzlRZyNeYb69UlydexgGZ2BK+tJ7trymIJG6ISBvrfZ2oWSNTDgA2cYYCEyFAGaL\nzRGNGBMD3UaeCSAWhPY076wnJRCU/207MOzlvRLmqoRxcDVvXVwu3NphCDYK1qTL\n4ZIg4lzZ1tRjFXPm9o75ve8womHS6tSrUbpxhGUq2xGQpPQORoxN2zVvhiWCH2YE\nmsKympu6AGDEtMuETS1uxDPKk70lcI8MNRiCvt4uFW8cgLp14SspEkSI5NfUN5Dy\naM1lPiUCggEAFvUo1bpG6NUkYdU4ktZ1XzorRQqbkZj7tiQbgnITxQiA46L6bTIi\ncaRrCXj2qRd4OfleZXXmlmAJvY6eCChxwFmgAbXVhpGeCz32xmDOMD1Hn+MLgQGs\nc+KW1smUVdM9vLgTrHzIlsD0+hmEIFWc73FZuOSGbOCi9HY8iug5DUZbHCAj8O4M\nm7GGN0kqcaAAsftAseSuG4j1pPgI9lR/itLZMpk2acjbQ6n4pafDBIlzKw2CK1kZ\nlM/9lTZ5xZvRMcXcVNu7e/fHSbSm8fKlR10lewyPHlK0okEhkOrZBqPC32mYWOFS\nKccYipmrE6u2WAlSwyKYIPydInst1s0dCQKCAQA7ZhtsXiPgSijO+4pWuNBlYJbJ\nUw3wsSue51qAs5OQfCNW325RoKPXfhqBFRCPYIYxQvisxuerNR/lOS9MOTpMYQ3L\nQlI/qCWPkAUhHFXdwLqU7UN0imqTKfrf2prCj0ah7j5+b/gfqqMH43eVTdsALEeb\nauogx7C4KSJG8heMf/N0cfbJ4aWRULxf7GFl50kKz38tnCW+StNZFxWuMG0vTRzx\nXB7yCACGzjQ5zmxcvsPOH5ObahYnvxZffT1WGX98DuKSGxXxGO0PjC5JiKccjRVh\ndhxymogmdlli6lAiTM+WBJYfrz7qpy35TQU8Eor7Qe/yICTIYL0q8YKPa8Vl\n-----END RSA PRIVATE KEY-----\n",
            "content_base64": null,
            "directory_permission": "0777",
            "file_permission": "0600",
            "filename": "ssh_key.pem",
            "id": "87a69234b4b8a2d7a54884352fe9774360c7d132",
            "sensitive_content": null,
            "source": null
          },
          "sensitive_attributes": [
            [
              {
                "type": "get_attr",
                "value": "content"
              }
            ]
          ],
          "private": "bnVsbA==",
          "dependencies": [
            "tls_private_key.example_ssh"
          ]
        }
      ]
    },
    {
      "mode": "managed",
      "type": "random_id",
      "name": "randomId",
      "provider": "provider[\"registry.terraform.io/hashicorp/random\"]",
      "instances": [
        {
          "schema_version": 0,
          "attributes": {
            "b64_std": "N0lamM5Q7jc=",
            "b64_url": "N0lamM5Q7jc",
            "byte_length": 8,
            "dec": "3983814957728853559",
            "hex": "37495a98ce50ee37",
            "id": "N0lamM5Q7jc",
            "keepers": {
              "resource_group": "my_terraform_rg"
            },
            "prefix": null
          },
          "sensitive_attributes": [],
          "private": "bnVsbA==",
          "dependencies": [
            "azurerm_resource_group.rg"
          ]
        }
      ]
    },
    {
      "mode": "managed",
      "type": "tls_private_key",
      "name": "example_ssh",
      "provider": "provider[\"registry.terraform.io/hashicorp/tls\"]",
      "instances": [
        {
          "schema_version": 0,
          "attributes": {
            "algorithm": "RSA",
            "ecdsa_curve": "P224",
            "id": "059be52ba5458dd8e653916d0264000241149e07",
            "private_key_pem": "-----BEGIN RSA PRIVATE KEY-----\nMIIJKQIBAAKCAgEA7jYgtM43RlywDDA24m2GcXy0JRRnYjJg2BtEtXtqzx7rymGk\nxeV/NkVbJmICesjHBmwHWBGUMij6bO4MTSujERMTt/Q1ubRmAkeSWj11+L3DHNYD\newMhIWj+hTQJuoqsvcsiN07CaTnoqHx3VVk607YpnRFdf7o+TG4AcPLPo801nPcb\nGSI6m2PFkpfKdQmafyJ8f9/D55iUBj5SnM53jBpShQDfBjgYKPXWxKFp9452Szvl\nmNUQ0cvHzUsnO5oDBkOghuBnBdhgW0QaKkzkCo4EBjXpbgWppdFmhC14mBl/b2Dn\n0HTPAKy5CRsCX10KDwkVnsMpxqM26Nb/3H07ilmS4iwqy14ouETaPdZeK/uQy97R\nXxgaVrMw3EjED9VD+Ms9u+eLfJmDYpAc/PkCNQHvJ+QfZqgVl8HYbrL25YwZ8IGs\n4olBFPiMev3O5Xs2oVKFonN5f0lLPZUoaqn4au4QfB1Swv4RrYpXZJjZL8qwM4p4\nJKkeDk7QgDwgJ9vZpXEVZd2pHujvgBXRxNuAwZx0OTBDcHLie1mem4LuOVl2LXvI\nzMvg+PwsfHSGZG6lTTgydn8nH5z6/9/v1toE1RrsdAY0I2SFWCa6cpQr8GnlxAzM\nYQbmP5ikB8YO9ldrADi+mqeQud52MdR3+zPgw7E7hqNFboAd/BqHWJWpLOkCAwEA\nAQKCAgEAo0fi30xCwy4hVhluZYJhl0S9TnVP8BVMIJWAYU15hwNQ6GZJxYRr0E12\nDzc7L+KT2akO16UlCcTg8u2w7OyuV7PV3k+8y9AF5CYfAVADnz6jkQ55UEZy3S3U\n2IU07fLEOUwV5gdMZ0hUW7kFKzGAi0HgAFO43SZSMZ1tG/6zqTmuOCuBHZdCyOR4\ntuTo15R/nAmNgTFmXUdOn4D0q5sygoxAZ/6S4PZuSRVJ43oo4pF6MFOcK0hQwR2H\nlQagm9ATpqWQUSNcOrt4QNbLgJc38Kwrwf4ORWYIRSrltFBeyxMfML8h5tdKVNIP\n+1fSJn/ltyyo7ywjZI7Xwn4s33vP5NCGtXk0QGrIvWHZGUqO+J5d+hCw/ot224oj\nIgKgAD2f2P9Q/7582fJWW+pZqx5/EylR4KpuZLgfPyzdBWalXkK7BN7+Z/yarz9L\nJY/+7kKsWPbnPMD3G8fkDEbV34hskfLoCli8fI+wyzDV/+6cpe/Gf2Omt6AYYgVi\nGV8sTYFLgS2o2InAgySpWSFHA7pddLYetPQsNUwePi8XQbfBiOqzijzt/WOWWpQf\nfm3MOBuntXUIdWNlsYlDAe8bXdvWzibfqjy5/cuq00yfeu+lkrFP7RK9Eg9stlkU\ncT73E2EShjr90Ji5zN5b7gx47B28JM+Eh3cNbaaMb5iuk14KgGkCggEBAP+rlTGr\nFa6UIkp2HbU8jsC57YROD3znecKYO9xkV/6Yc4Ulj7dR1X6aIcErzuv8LBEjS/+V\npQRrgYKIgu7qOWrLCPKfz0SCE57CDFULF1mswRUw//Ce5XPQGW1AOKBK8bCpT7Sx\nM75IGk+5oSAqT6dMkE3ZRf12riMKnDWdsMWXzzjS+cJvQqpXaAH3MWmGubAuwqzF\nH1d5o4H2ijzoqUmULwctElycbkP0SAITaEm9QmYMSHaKDaiS8YryXEf5blQVmQ9+\njwQ6uHvZZeCN56ph0ebONh8nAGaspm0oP/7Snh/WVr0r8ab/RntjD9PLoVAy9Hya\nJoo1Z/8EVTe7MTMCggEBAO6Ex8mVDE0cS5sX9fANUeJvyWyD1vAdHF9x3OCSWjiq\nXawRdBNXKJMHK5UFr+QAs+yVr8J81iEPbScjDCAUiBFYKV46aLizZ0dtVROgFXhu\nDn66fxv4Gtkp1IzsKOJGmOqlRYBspRMORkCMLybeSUFZ0VbG/kVw0KSnkajborgP\n7J7k5JvrxU5U0Ms3bQoAazh9bhvQmUBolzX2gC1ZryFgGjHFmdn7+/Z483wzpj3e\nOP/dePkm/22jkSzOcnLVlRYzi44LYJOIAVvg274oOjJr/G/ErIPjjJ6r52iPQc4y\nD2Nd+zr+qZobCp7aFP7QhJ3GUqV5EioTFEFFVFTboXMCggEBAKipprinZpxOuPhq\nR1riYkId5eScIneBtL988jCIOcyJAdxaVR7Ya4EjaRUoM09WgjOkF2S6cawix8M3\nDzlRZyNeYb69UlydexgGZ2BK+tJ7trymIJG6ISBvrfZ2oWSNTDgA2cYYCEyFAGaL\nzRGNGBMD3UaeCSAWhPY076wnJRCU/207MOzlvRLmqoRxcDVvXVwu3NphCDYK1qTL\n4ZIg4lzZ1tRjFXPm9o75ve8womHS6tSrUbpxhGUq2xGQpPQORoxN2zVvhiWCH2YE\nmsKympu6AGDEtMuETS1uxDPKk70lcI8MNRiCvt4uFW8cgLp14SspEkSI5NfUN5Dy\naM1lPiUCggEAFvUo1bpG6NUkYdU4ktZ1XzorRQqbkZj7tiQbgnITxQiA46L6bTIi\ncaRrCXj2qRd4OfleZXXmlmAJvY6eCChxwFmgAbXVhpGeCz32xmDOMD1Hn+MLgQGs\nc+KW1smUVdM9vLgTrHzIlsD0+hmEIFWc73FZuOSGbOCi9HY8iug5DUZbHCAj8O4M\nm7GGN0kqcaAAsftAseSuG4j1pPgI9lR/itLZMpk2acjbQ6n4pafDBIlzKw2CK1kZ\nlM/9lTZ5xZvRMcXcVNu7e/fHSbSm8fKlR10lewyPHlK0okEhkOrZBqPC32mYWOFS\nKccYipmrE6u2WAlSwyKYIPydInst1s0dCQKCAQA7ZhtsXiPgSijO+4pWuNBlYJbJ\nUw3wsSue51qAs5OQfCNW325RoKPXfhqBFRCPYIYxQvisxuerNR/lOS9MOTpMYQ3L\nQlI/qCWPkAUhHFXdwLqU7UN0imqTKfrf2prCj0ah7j5+b/gfqqMH43eVTdsALEeb\nauogx7C4KSJG8heMf/N0cfbJ4aWRULxf7GFl50kKz38tnCW+StNZFxWuMG0vTRzx\nXB7yCACGzjQ5zmxcvsPOH5ObahYnvxZffT1WGX98DuKSGxXxGO0PjC5JiKccjRVh\ndhxymogmdlli6lAiTM+WBJYfrz7qpy35TQU8Eor7Qe/yICTIYL0q8YKPa8Vl\n-----END RSA PRIVATE KEY-----\n",
            "public_key_fingerprint_md5": "b0:32:72:0c:15:ca:a8:04:cf:d3:be:f2:98:fd:70:15",
            "public_key_openssh": "ssh-rsa AAAAB3NzaC1yc2EAAAADAQABAAACAQDuNiC0zjdGXLAMMDbibYZxfLQlFGdiMmDYG0S1e2rPHuvKYaTF5X82RVsmYgJ6yMcGbAdYEZQyKPps7gxNK6MRExO39DW5tGYCR5JaPXX4vcMc1gN7AyEhaP6FNAm6iqy9yyI3TsJpOeiofHdVWTrTtimdEV1/uj5MbgBw8s+jzTWc9xsZIjqbY8WSl8p1CZp/Inx/38PnmJQGPlKczneMGlKFAN8GOBgo9dbEoWn3jnZLO+WY1RDRy8fNSyc7mgMGQ6CG4GcF2GBbRBoqTOQKjgQGNeluBaml0WaELXiYGX9vYOfQdM8ArLkJGwJfXQoPCRWewynGozbo1v/cfTuKWZLiLCrLXii4RNo91l4r+5DL3tFfGBpWszDcSMQP1UP4yz2754t8mYNikBz8+QI1Ae8n5B9mqBWXwdhusvbljBnwgaziiUEU+Ix6/c7lezahUoWic3l/SUs9lShqqfhq7hB8HVLC/hGtildkmNkvyrAzingkqR4OTtCAPCAn29mlcRVl3ake6O+AFdHE24DBnHQ5MENwcuJ7WZ6bgu45WXYte8jMy+D4/Cx8dIZkbqVNODJ2fycfnPr/3+/W2gTVGux0BjQjZIVYJrpylCvwaeXEDMxhBuY/mKQHxg72V2sAOL6ap5C53nYx1Hf7M+DDsTuGo0VugB38GodYlaks6Q==\n",
            "public_key_pem": "-----BEGIN PUBLIC KEY-----\nMIICIjANBgkqhkiG9w0BAQEFAAOCAg8AMIICCgKCAgEA7jYgtM43RlywDDA24m2G\ncXy0JRRnYjJg2BtEtXtqzx7rymGkxeV/NkVbJmICesjHBmwHWBGUMij6bO4MTSuj\nERMTt/Q1ubRmAkeSWj11+L3DHNYDewMhIWj+hTQJuoqsvcsiN07CaTnoqHx3VVk6\n07YpnRFdf7o+TG4AcPLPo801nPcbGSI6m2PFkpfKdQmafyJ8f9/D55iUBj5SnM53\njBpShQDfBjgYKPXWxKFp9452SzvlmNUQ0cvHzUsnO5oDBkOghuBnBdhgW0QaKkzk\nCo4EBjXpbgWppdFmhC14mBl/b2Dn0HTPAKy5CRsCX10KDwkVnsMpxqM26Nb/3H07\nilmS4iwqy14ouETaPdZeK/uQy97RXxgaVrMw3EjED9VD+Ms9u+eLfJmDYpAc/PkC\nNQHvJ+QfZqgVl8HYbrL25YwZ8IGs4olBFPiMev3O5Xs2oVKFonN5f0lLPZUoaqn4\nau4QfB1Swv4RrYpXZJjZL8qwM4p4JKkeDk7QgDwgJ9vZpXEVZd2pHujvgBXRxNuA\nwZx0OTBDcHLie1mem4LuOVl2LXvIzMvg+PwsfHSGZG6lTTgydn8nH5z6/9/v1toE\n1RrsdAY0I2SFWCa6cpQr8GnlxAzMYQbmP5ikB8YO9ldrADi+mqeQud52MdR3+zPg\nw7E7hqNFboAd/BqHWJWpLOkCAwEAAQ==\n-----END PUBLIC KEY-----\n",
            "rsa_bits": 4096
          },
          "sensitive_attributes": [],
          "private": "bnVsbA=="
        }
      ]
    }
  ]
}
